# This file is generated by running "yarn install" inside your project.
# Manual changes might be lost - proceed with caution!

__metadata:
  version: 8
  cacheKey: 10c0

"@pythnetwork/pyth-sdk-solidity@npm:^4.2.0":
  version: 4.2.0
  resolution: "@pythnetwork/pyth-sdk-solidity@npm:4.2.0"
  checksum: 10c0/05c3db88c8107400dd9079d503174bdf67bf76109ebf4184e35f909d55edffaa03f5319e93dd9b514a74579d9b0d7a395c509093e9909376bb329efdd3640a8d
  languageName: node
  linkType: hard

"contracts@workspace:.":
  version: 0.0.0-use.local
  resolution: "contracts@workspace:."
  dependencies:
    "@pythnetwork/pyth-sdk-solidity": "npm:^4.2.0"
  languageName: unknown
  linkType: soft
